
Microsoft Visual Studio Solution File, Format Version 12.00
# Visual Studio Version 16
VisualStudioVersion = 16.0.30717.126
MinimumVisualStudioVersion = 10.0.40219.1
Project("{FAE04EC0-301F-11D3-BF4B-00C04F79EFBC}") = "PaintApp", "PaintApp\PaintApp.csproj", "{2DC7DE26-4CF3-48AF-977C-92DE0E93792E}"
EndProject
Global
	GlobalSection(SolutionConfigurationPlatforms) = preSolution
		Debug|Any CPU = Debug|Any CPU
		Release|Any CPU = Release|Any CPU
	EndGlobalSection
	GlobalSection(ProjectConfigurationPlatforms) = postSolution
		{2DC7DE26-4CF3-48AF-977C-92DE0E93792E}.Debug|Any CPU.ActiveCfg = Debug|Any CPU
		{2DC7DE26-4CF3-48AF-977C-92DE0E93792E}.Debug|Any CPU.Build.0 = Debug|Any CPU
		{2DC7DE26-4CF3-48AF-977C-92DE0E93792E}.Release|Any CPU.ActiveCfg = Release|Any CPU
		{2DC7DE26-4CF3-48AF-977C-92DE0E93792E}.Release|Any CPU.Build.0 = Release|Any CPU
	EndGlobalSection
	GlobalSection(SolutionProperties) = preSolution
		HideSolutionNode = FALSE
	EndGlobalSection
	GlobalSection(ExtensibilityGlobals) = postSolution
		SolutionGuid = {0299C6FF-9F00-48AF-A4EA-B871BAF0F4FD}
	EndGlobalSection
EndGlobal
